
Microsoft Visual Studio Solution File, Format Version 12.00
# Visual Studio Version 17
VisualStudioVersion = 17.10.34916.146
MinimumVisualStudioVersion = 10.0.40219.1
Project("{9A19103F-16F7-4668-BE54-9A1E7A4F7556}") = "BackEndManagerWebApi", "BackEndManagerWebApi\BackEndManagerWebApi.csproj", "{E2F5A6D4-D4C9-45B1-AEE3-0064D3A281DF}"
EndProject
Project("{9A19103F-16F7-4668-BE54-9A1E7A4F7556}") = "BackEndManagerBusinessLogic", "BackEndManagerBusinessLogic\BackEndManagerBusinessLogic.csproj", "{9DA73D99-ECDF-4DDA-A565-6C64D66B0957}"
EndProject
Project("{2150E333-8FDC-42A3-9474-1A3956D46DE8}") = "Solution Items", "Solution Items", "{3A35CF97-8868-42CF-9DE5-A840FC32E171}"
	ProjectSection(SolutionItems) = preProject
		.editorconfig = .editorconfig
		Dicrectory.Build.Props = Dicrectory.Build.Props
	EndProjectSection
EndProject
Project("{FAE04EC0-301F-11D3-BF4B-00C04F79EFBC}") = "BackEndManagerBenchmarks", "BackEndManagerBenchmarks\BackEndManagerBenchmarks.csproj", "{706D9C82-1D07-45AF-9117-683D9365DEBE}"
EndProject
Global
	GlobalSection(SolutionConfigurationPlatforms) = preSolution
		Debug|Any CPU = Debug|Any CPU
		Release|Any CPU = Release|Any CPU
	EndGlobalSection
	GlobalSection(ProjectConfigurationPlatforms) = postSolution
		{E2F5A6D4-D4C9-45B1-AEE3-0064D3A281DF}.Debug|Any CPU.ActiveCfg = Debug|Any CPU
		{E2F5A6D4-D4C9-45B1-AEE3-0064D3A281DF}.Debug|Any CPU.Build.0 = Debug|Any CPU
		{E2F5A6D4-D4C9-45B1-AEE3-0064D3A281DF}.Release|Any CPU.ActiveCfg = Release|Any CPU
		{E2F5A6D4-D4C9-45B1-AEE3-0064D3A281DF}.Release|Any CPU.Build.0 = Release|Any CPU
		{9DA73D99-ECDF-4DDA-A565-6C64D66B0957}.Debug|Any CPU.ActiveCfg = Debug|Any CPU
		{9DA73D99-ECDF-4DDA-A565-6C64D66B0957}.Debug|Any CPU.Build.0 = Debug|Any CPU
		{9DA73D99-ECDF-4DDA-A565-6C64D66B0957}.Release|Any CPU.ActiveCfg = Release|Any CPU
		{9DA73D99-ECDF-4DDA-A565-6C64D66B0957}.Release|Any CPU.Build.0 = Release|Any CPU
		{706D9C82-1D07-45AF-9117-683D9365DEBE}.Debug|Any CPU.ActiveCfg = Debug|Any CPU
		{706D9C82-1D07-45AF-9117-683D9365DEBE}.Debug|Any CPU.Build.0 = Debug|Any CPU
		{706D9C82-1D07-45AF-9117-683D9365DEBE}.Release|Any CPU.ActiveCfg = Release|Any CPU
		{706D9C82-1D07-45AF-9117-683D9365DEBE}.Release|Any CPU.Build.0 = Release|Any CPU
	EndGlobalSection
	GlobalSection(SolutionProperties) = preSolution
		HideSolutionNode = FALSE
	EndGlobalSection
	GlobalSection(ExtensibilityGlobals) = postSolution
		SolutionGuid = {9D9FD881-5404-4872-8C78-74ABA0CDAC7D}
	EndGlobalSection
EndGlobal
